// !$*UTF8*$!
{
	archiveVersion = 1;
	classes = {
	};
	objectVersion = 50;
	objects = {

/* Begin PBXBuildFile section */
		2DFD94C920D8F263007AA1BE /* AppDelegate.swift in Sources */ = {isa = PBXBuildFile; fileRef = 2DFD94C820D8F263007AA1BE /* AppDelegate.swift */; };
		2DFD94CB20D8F263007AA1BE /* ViewController.swift in Sources */ = {isa = PBXBuildFile; fileRef = 2DFD94CA20D8F263007AA1BE /* ViewController.swift */; };
		2DFD94CE20D8F264007AA1BE /* Main.storyboard in Resources */ = {isa = PBXBuildFile; fileRef = 2DFD94CC20D8F264007AA1BE /* Main.storyboard */; };
		2DFD94D020D8F279007AA1BE /* Assets.xcassets in Resources */ = {isa = PBXBuildFile; fileRef = 2DFD94CF20D8F279007AA1BE /* Assets.xcassets */; };
		2DFD94D320D8F279007AA1BE /* LaunchScreen.storyboard in Resources */ = {isa = PBXBuildFile; fileRef = 2DFD94D120D8F279007AA1BE /* LaunchScreen.storyboard */; };
		2DFD94DE20D8F27A007AA1BE /* PlacedotTests.swift in Sources */ = {isa = PBXBuildFile; fileRef = 2DFD94DD20D8F27A007AA1BE /* PlacedotTests.swift */; };
		2DFD94E920D8F27A007AA1BE /* PlacedotUITests.swift in Sources */ = {isa = PBXBuildFile; fileRef = 2DFD94E820D8F27A007AA1BE /* PlacedotUITests.swift */; };
/* End PBXBuildFile section */

/* Begin PBXContainerItemProxy section */
		2DFD94DA20D8F27A007AA1BE /* PBXContainerItemProxy */ = {
			isa = PBXContainerItemProxy;
			containerPortal = 2DFD94BD20D8F262007AA1BE /* Project object */;
			proxyType = 1;
			remoteGlobalIDString = 2DFD94C420D8F263007AA1BE;
			remoteInfo = Placedot;
		};
		2DFD94E520D8F27A007AA1BE /* PBXContainerItemProxy */ = {
			isa = PBXContainerItemProxy;
			containerPortal = 2DFD94BD20D8F262007AA1BE /* Project object */;
			proxyType = 1;
			remoteGlobalIDString = 2DFD94C420D8F263007AA1BE;
			remoteInfo = Placedot;
		};
/* End PBXContainerItemProxy section */

/* Begin PBXFileReference section */
		2DFD94C520D8F263007AA1BE /* Placedot.app */ = {isa = PBXFileReference; explicitFileType = wrapper.application; includeInIndex = 0; path = Placedot.app; sourceTree = BUILT_PRODUCTS_DIR; };
		2DFD94C820D8F263007AA1BE /* AppDelegate.swift */ = {isa = PBXFileReference; lastKnownFileType = sourcecode.swift; path = AppDelegate.swift; sourceTree = "<group>"; };
		2DFD94CA20D8F263007AA1BE /* ViewController.swift */ = {isa = PBXFileReference; lastKnownFileType = sourcecode.swift; path = ViewController.swift; sourceTree = "<group>"; };
		2DFD94CD20D8F264007AA1BE /* Base */ = {isa = PBXFileReference; lastKnownFileType = file.storyboard; name = Base; path = Base.lproj/Main.storyboard; sourceTree = "<group>"; };
		2DFD94CF20D8F279007AA1BE /* Assets.xcassets */ = {isa = PBXFileReference; lastKnownFileType = folder.assetcatalog; path = Assets.xcassets; sourceTree = "<group>"; };
		2DFD94D220D8F279007AA1BE /* Base */ = {isa = PBXFileReference; lastKnownFileType = file.storyboard; name = Base; path = Base.lproj/LaunchScreen.storyboard; sourceTree = "<group>"; };
		2DFD94D420D8F27A007AA1BE /* Info.plist */ = {isa = PBXFileReference; lastKnownFileType = text.plist.xml; path = Info.plist; sourceTree = "<group>"; };
		2DFD94D920D8F27A007AA1BE /* PlacedotTests.xctest */ = {isa = PBXFileReference; explicitFileType = wrapper.cfbundle; includeInIndex = 0; path = PlacedotTests.xctest; sourceTree = BUILT_PRODUCTS_DIR; };
		2DFD94DD20D8F27A007AA1BE /* PlacedotTests.swift */ = {isa = PBXFileReference; lastKnownFileType = sourcecode.swift; path = PlacedotTests.swift; sourceTree = "<group>"; };
		2DFD94DF20D8F27A007AA1BE /* Info.plist */ = {isa = PBXFileReference; lastKnownFileType = text.plist.xml; path = Info.plist; sourceTree = "<group>"; };
		2DFD94E420D8F27A007AA1BE /* PlacedotUITests.xctest */ = {isa = PBXFileReference; explicitFileType = wrapper.cfbundle; includeInIndex = 0; path = PlacedotUITests.xctest; sourceTree = BUILT_PRODUCTS_DIR; };
		2DFD94E820D8F27A007AA1BE /* PlacedotUITests.swift */ = {isa = PBXFileReference; lastKnownFileType = sourcecode.swift; path = PlacedotUITests.swift; sourceTree = "<group>"; };
		2DFD94EA20D8F27A007AA1BE /* Info.plist */ = {isa = PBXFileReference; lastKnownFileType = text.plist.xml; path = Info.plist; sourceTree = "<group>"; };
/* End PBXFileReference section */

/* Begin PBXFrameworksBuildPhase section */
		2DFD94C220D8F263007AA1BE /* Frameworks */ = {
			isa = PBXFrameworksBuildPhase;
			buildActionMask = 2147483647;
			files = (
			);
			runOnlyForDeploymentPostprocessing = 0;
		};
		2DFD94D620D8F27A007AA1BE /* Frameworks */ = {
			isa = PBXFrameworksBuildPhase;
			buildActionMask = 2147483647;
			files = (
			);
			runOnlyForDeploymentPostprocessing = 0;
		};
		2DFD94E120D8F27A007AA1BE /* Frameworks */ = {
			isa = PBXFrameworksBuildPhase;
			buildActionMask = 2147483647;
			files = (
			);
			runOnlyForDeploymentPostprocessing = 0;
		};
/* End PBXFrameworksBuildPhase section */

/* Begin PBXGroup section */
		2DFD94BC20D8F262007AA1BE = {
			isa = PBXGroup;
			children = (
				2DFD94C720D8F263007AA1BE /* Placedot */,
				2DFD94DC20D8F27A007AA1BE /* PlacedotTests */,
				2DFD94E720D8F27A007AA1BE /* PlacedotUITests */,
				2DFD94C620D8F263007AA1BE /* Products */,
			);
			sourceTree = "<group>";
		};
		2DFD94C620D8F263007AA1BE /* Products */ = {
			isa = PBXGroup;
			children = (
				2DFD94C520D8F263007AA1BE /* Placedot.app */,
				2DFD94D920D8F27A007AA1BE /* PlacedotTests.xctest */,
				2DFD94E420D8F27A007AA1BE /* PlacedotUITests.xctest */,
			);
			name = Products;
			sourceTree = "<group>";
		};
		2DFD94C720D8F263007AA1BE /* Placedot */ = {
			isa = PBXGroup;
			children = (
				2DFD94C820D8F263007AA1BE /* AppDelegate.swift */,
				2DFD94CA20D8F263007AA1BE /* ViewController.swift */,
				2DFD94CC20D8F264007AA1BE /* Main.storyboard */,
				2DFD94CF20D8F279007AA1BE /* Assets.xcassets */,
				2DFD94D120D8F279007AA1BE /* LaunchScreen.storyboard */,
				2DFD94D420D8F27A007AA1BE /* Info.plist */,
			);
			path = Placedot;
			sourceTree = "<group>";
		};
		2DFD94DC20D8F27A007AA1BE /* PlacedotTests */ = {
			isa = PBXGroup;
			children = (
				2DFD94DD20D8F27A007AA1BE /* PlacedotTests.swift */,
				2DFD94DF20D8F27A007AA1BE /* Info.plist */,
			);
			path = PlacedotTests;
			sourceTree = "<group>";
		};
		2DFD94E720D8F27A007AA1BE /* PlacedotUITests */ = {
			isa = PBXGroup;
			children = (
				2DFD94E820D8F27A007AA1BE /* PlacedotUITests.swift */,
				2DFD94EA20D8F27A007AA1BE /* Info.plist */,
			);
			path = PlacedotUITests;
			sourceTree = "<group>";
		};
/* End PBXGroup section */

/* Begin PBXNativeTarget section */
		2DFD94C420D8F263007AA1BE /* Placedot */ = {
			isa = PBXNativeTarget;
			buildConfigurationList = 2DFD94ED20D8F27A007AA1BE /* Build configuration list for PBXNativeTarget "Placedot" */;
			buildPhases = (
				2DFD94C120D8F263007AA1BE /* Sources */,
				2DFD94C220D8F263007AA1BE /* Frameworks */,
				2DFD94C320D8F263007AA1BE /* Resources */,
			);
			buildRules = (
			);
			dependencies = (
			);
			name = Placedot;
			productName = Placedot;
			productReference = 2DFD94C520D8F263007AA1BE /* Placedot.app */;
			productType = "com.apple.product-type.application";
		};
		2DFD94D820D8F27A007AA1BE /* PlacedotTests */ = {
			isa = PBXNativeTarget;
			buildConfigurationList = 2DFD94F020D8F27A007AA1BE /* Build configuration list for PBXNativeTarget "PlacedotTests" */;
			buildPhases = (
				2DFD94D520D8F27A007AA1BE /* Sources */,
				2DFD94D620D8F27A007AA1BE /* Frameworks */,
				2DFD94D720D8F27A007AA1BE /* Resources */,
			);
			buildRules = (
			);
			dependencies = (
				2DFD94DB20D8F27A007AA1BE /* PBXTargetDependency */,
			);
			name = PlacedotTests;
			productName = PlacedotTests;
			productReference = 2DFD94D920D8F27A007AA1BE /* PlacedotTests.xctest */;
			productType = "com.apple.product-type.bundle.unit-test";
		};
		2DFD94E320D8F27A007AA1BE /* PlacedotUITests */ = {
			isa = PBXNativeTarget;
			buildConfigurationList = 2DFD94F320D8F27A007AA1BE /* Build configuration list for PBXNativeTarget "PlacedotUITests" */;
			buildPhases = (
				2DFD94E020D8F27A007AA1BE /* Sources */,
				2DFD94E120D8F27A007AA1BE /* Frameworks */,
				2DFD94E220D8F27A007AA1BE /* Resources */,
			);
			buildRules = (
			);
			dependencies = (
				2DFD94E620D8F27A007AA1BE /* PBXTargetDependency */,
			);
			name = PlacedotUITests;
			productName = PlacedotUITests;
			productReference = 2DFD94E420D8F27A007AA1BE /* PlacedotUITests.xctest */;
			productType = "com.apple.product-type.bundle.ui-testing";
		};
/* End PBXNativeTarget section */

/* Begin PBXProject section */
		2DFD94BD20D8F262007AA1BE /* Project object */ = {
			isa = PBXProject;
			attributes = {
				LastSwiftUpdateCheck = 0940;
				LastUpgradeCheck = 0940;
				ORGANIZATIONNAME = Ajay;
				TargetAttributes = {
					2DFD94C420D8F263007AA1BE = {
						CreatedOnToolsVersion = 9.4;
					};
					2DFD94D820D8F27A007AA1BE = {
						CreatedOnToolsVersion = 9.4;
						TestTargetID = 2DFD94C420D8F263007AA1BE;
					};
					2DFD94E320D8F27A007AA1BE = {
						CreatedOnToolsVersion = 9.4;
						TestTargetID = 2DFD94C420D8F263007AA1BE;
					};
				};
			};
			buildConfigurationList = 2DFD94C020D8F262007AA1BE /* Build configuration list for PBXProject "Placedot" */;
			compatibilityVersion = "Xcode 9.3";
			developmentRegion = en;
			hasScannedForEncodings = 0;
			knownRegions = (
				en,
				Base,
			);
			mainGroup = 2DFD94BC20D8F262007AA1BE;
			productRefGroup = 2DFD94C620D8F263007AA1BE /* Products */;
			projectDirPath = "";
			projectRoot = "";
			targets = (
				2DFD94C420D8F263007AA1BE /* Placedot */,
				2DFD94D820D8F27A007AA1BE /* PlacedotTests */,
				2DFD94E320D8F27A007AA1BE /* PlacedotUITests */,
			);
		};
/* End PBXProject section */

/* Begin PBXResourcesBuildPhase section */
		2DFD94C320D8F263007AA1BE /* Resources */ = {
			isa = PBXResourcesBuildPhase;
			buildActionMask = 2147483647;
			files = (
				2DFD94D320D8F279007AA1BE /* LaunchScreen.storyboard in Resources */,
				2DFD94D020D8F279007AA1BE /* Assets.xcassets in Resources */,
				2DFD94CE20D8F264007AA1BE /* Main.storyboard in Resources */,
			);
			runOnlyForDeploymentPostprocessing = 0;
		};
		2DFD94D720D8F27A007AA1BE /* Resources */ = {
			isa = PBXResourcesBuildPhase;
			buildActionMask = 2147483647;
			files = (
			);
			runOnlyForDeploymentPostprocessing = 0;
		};
		2DFD94E220D8F27A007AA1BE /* Resources */ = {
			isa = PBXResourcesBuildPhase;
			buildActionMask = 2147483647;
			files = (
			);
			runOnlyForDeploymentPostprocessing = 0;
		};
/* End PBXResourcesBuildPhase section */

/* Begin PBXSourcesBuildPhase section */
		2DFD94C120D8F263007AA1BE /* Sources */ = {
			isa = PBXSourcesBuildPhase;
			buildActionMask = 2147483647;
			files = (
				2DFD94CB20D8F263007AA1BE /* ViewController.swift in Sources */,
				2DFD94C920D8F263007AA1BE /* AppDelegate.swift in Sources */,
			);
			runOnlyForDeploymentPostprocessing = 0;
		};
		2DFD94D520D8F27A007AA1BE /* Sources */ = {
			isa = PBXSourcesBuildPhase;
			buildActionMask = 2147483647;
			files = (
				2DFD94DE20D8F27A007AA1BE /* PlacedotTests.swift in Sources */,
			);
			runOnlyForDeploymentPostprocessing = 0;
		};
		2DFD94E020D8F27A007AA1BE /* Sources */ = {
			isa = PBXSourcesBuildPhase;
			buildActionMask = 2147483647;
			files = (
				2DFD94E920D8F27A007AA1BE /* PlacedotUITests.swift in Sources */,
			);
			runOnlyForDeploymentPostprocessing = 0;
		};
/* End PBXSourcesBuildPhase section */

/* Begin PBXTargetDependency section */
		2DFD94DB20D8F27A007AA1BE /* PBXTargetDependency */ = {
			isa = PBXTargetDependency;
			target = 2DFD94C420D8F263007AA1BE /* Placedot */;
			targetProxy = 2DFD94DA20D8F27A007AA1BE /* PBXContainerItemProxy */;
		};
		2DFD94E620D8F27A007AA1BE /* PBXTargetDependency */ = {
			isa = PBXTargetDependency;
			target = 2DFD94C420D8F263007AA1BE /* Placedot */;
			targetProxy = 2DFD94E520D8F27A007AA1BE /* PBXContainerItemProxy */;
		};
/* End PBXTargetDependency section */

/* Begin PBXVariantGroup section */
		2DFD94CC20D8F264007AA1BE /* Main.storyboard */ = {
			isa = PBXVariantGroup;
			children = (
				2DFD94CD20D8F264007AA1BE /* Base */,
			);
			name = Main.storyboard;
			sourceTree = "<group>";
		};
		2DFD94D120D8F279007AA1BE /* LaunchScreen.storyboard */ = {
			isa = PBXVariantGroup;
			children = (
				2DFD94D220D8F279007AA1BE /* Base */,
			);
			name = LaunchScreen.storyboard;
			sourceTree = "<group>";
		};
/* End PBXVariantGroup section */

/* Begin XCBuildConfiguration section */
		2DFD94EB20D8F27A007AA1BE /* Debug */ = {
			isa = XCBuildConfiguration;
			buildSettings = {
				ALWAYS_SEARCH_USER_PATHS = NO;
				CLANG_ANALYZER_NONNULL = YES;
				CLANG_ANALYZER_NUMBER_OBJECT_CONVERSION = YES_AGGRESSIVE;
				CLANG_CXX_LANGUAGE_STANDARD = "gnu++14";
				CLANG_CXX_LIBRARY = "libc++";
				CLANG_ENABLE_MODULES = YES;
				CLANG_ENABLE_OBJC_ARC = YES;
				CLANG_ENABLE_OBJC_WEAK = YES;
				CLANG_WARN_BLOCK_CAPTURE_AUTORELEASING = YES;
				CLANG_WARN_BOOL_CONVERSION = YES;
				CLANG_WARN_COMMA = YES;
				CLANG_WARN_CONSTANT_CONVERSION = YES;
				CLANG_WARN_DEPRECATED_OBJC_IMPLEMENTATIONS = YES;
				CLANG_WARN_DIRECT_OBJC_ISA_USAGE = YES_ERROR;
				CLANG_WARN_DOCUMENTATION_COMMENTS = YES;
				CLANG_WARN_EMPTY_BODY = YES;
				CLANG_WARN_ENUM_CONVERSION = YES;
				CLANG_WARN_INFINITE_RECURSION = YES;
				CLANG_WARN_INT_CONVERSION = YES;
				CLANG_WARN_NON_LITERAL_NULL_CONVERSION = YES;
				CLANG_WARN_OBJC_IMPLICIT_RETAIN_SELF = YES;
				CLANG_WARN_OBJC_LITERAL_CONVERSION = YES;
				CLANG_WARN_OBJC_ROOT_CLASS = YES_ERROR;
				CLANG_WARN_RANGE_LOOP_ANALYSIS = YES;
				CLANG_WARN_STRICT_PROTOTYPES = YES;
				CLANG_WARN_SUSPICIOUS_MOVE = YES;
				CLANG_WARN_UNGUARDED_AVAILABILITY = YES_AGGRESSIVE;
				CLANG_WARN_UNREACHABLE_CODE = YES;
				CLANG_WARN__DUPLICATE_METHOD_MATCH = YES;
				CODE_SIGN_IDENTITY = "iPhone Developer";
				COPY_PHASE_STRIP = NO;
				DEBUG_INFORMATION_FORMAT = dwarf;
				ENABLE_STRICT_OBJC_MSGSEND = YES;
				ENABLE_TESTABILITY = YES;
				GCC_C_LANGUAGE_STANDARD = gnu11;
				GCC_DYNAMIC_NO_PIC = NO;
				GCC_NO_COMMON_BLOCKS = YES;
				GCC_OPTIMIZATION_LEVEL = 0;
				GCC_PREPROCESSOR_DEFINITIONS = (
					"DEBUG=1",
					"$(inherited)",
				);
				GCC_WARN_64_TO_32_BIT_CONVERSION = YES;
				GCC_WARN_ABOUT_RETURN_TYPE = YES_ERROR;
				GCC_WARN_UNDECLARED_SELECTOR = YES;
				GCC_WARN_UNINITIALIZED_AUTOS = YES_AGGRESSIVE;
				GCC_WARN_UNUSED_FUNCTION = YES;
				GCC_WARN_UNUSED_VARIABLE = YES;
				IPHONEOS_DEPLOYMENT_TARGET = 11.4;
				MTL_ENABLE_DEBUG_INFO = YES;
				ONLY_ACTIVE_ARCH = YES;
				SDKROOT = iphoneos;
				SWIFT_ACTIVE_COMPILATION_CONDITIONS = DEBUG;
				SWIFT_OPTIMIZATION_LEVEL = "-Onone";
			};
			name = Debug;
		};
		2DFD94EC20D8F27A007AA1BE /* Release */ = {
			isa = XCBuildConfiguration;
			buildSettings = {
				ALWAYS_SEARCH_USER_PATHS = NO;
				CLANG_ANALYZER_NONNULL = YES;
				CLANG_ANALYZER_NUMBER_OBJECT_CONVERSION = YES_AGGRESSIVE;
				CLANG_CXX_LANGUAGE_STANDARD = "gnu++14";
				CLANG_CXX_LIBRARY = "libc++";
				CLANG_ENABLE_MODULES = YES;
				CLANG_ENABLE_OBJC_ARC = YES;
				CLANG_ENABLE_OBJC_WEAK = YES;
				CLANG_WARN_BLOCK_CAPTURE_AUTORELEASING = YES;
				CLANG_WARN_BOOL_CONVERSION = YES;
				CLANG_WARN_COMMA = YES;
				CLANG_WARN_CONSTANT_CONVERSION = YES;
				CLANG_WARN_DEPRECATED_OBJC_IMPLEMENTATIONS = YES;
				CLANG_WARN_DIRECT_OBJC_ISA_USAGE = YES_ERROR;
				CLANG_WARN_DOCUMENTATION_COMMENTS = YES;
				CLANG_WARN_EMPTY_BODY = YES;
				CLANG_WARN_ENUM_CONVERSION = YES;
				CLANG_WARN_INFINITE_RECURSION = YES;
				CLANG_WARN_INT_CONVERSION = YES;
				CLANG_WARN_NON_LITERAL_NULL_CONVERSION = YES;
				CLANG_WARN_OBJC_IMPLICIT_RETAIN_SELF = YES;
				CLANG_WARN_OBJC_LITERAL_CONVERSION = YES;
				CLANG_WARN_OBJC_ROOT_CLASS = YES_ERROR;
				CLANG_WARN_RANGE_LOOP_ANALYSIS = YES;
				CLANG_WARN_STRICT_PROTOTYPES = YES;
				CLANG_WARN_SUSPICIOUS_MOVE = YES;
				CLANG_WARN_UNGUARDED_AVAILABILITY = YES_AGGRESSIVE;
				CLANG_WARN_UNREACHABLE_CODE = YES;
				CLANG_WARN__DUPLICATE_METHOD_MATCH = YES;
				CODE_SIGN_IDENTITY = "iPhone Developer";
				COPY_PHASE_STRIP = NO;
				DEBUG_INFORMATION_FORMAT = "dwarf-with-dsym";
				ENABLE_NS_ASSERTIONS = NO;
				ENABLE_STRICT_OBJC_MSGSEND = YES;
				GCC_C_LANGUAGE_STANDARD = gnu11;
				GCC_NO_COMMON_BLOCKS = YES;
				GCC_WARN_64_TO_32_BIT_CONVERSION = YES;
				GCC_WARN_ABOUT_RETURN_TYPE = YES_ERROR;
				GCC_WARN_UNDECLARED_SELECTOR = YES;
				GCC_WARN_UNINITIALIZED_AUTOS = YES_AGGRESSIVE;
				GCC_WARN_UNUSED_FUNCTION = YES;
				GCC_WARN_UNUSED_VARIABLE = YES;
				IPHONEOS_DEPLOYMENT_TARGET = 11.4;
				MTL_ENABLE_DEBUG_INFO = NO;
				SDKROOT = iphoneos;
				SWIFT_COMPILATION_MODE = wholemodule;
				SWIFT_OPTIMIZATION_LEVEL = "-O";
				VALIDATE_PRODUCT = YES;
			};
			name = Release;
		};
		2DFD94EE20D8F27A007AA1BE /* Debug */ = {
			isa = XCBuildConfiguration;
			buildSettings = {
				ASSETCATALOG_COMPILER_APPICON_NAME = AppIcon;
				CODE_SIGN_STYLE = Automatic;
				DEVELOPMENT_TEAM = A36ZF48PCL;
				INFOPLIST_FILE = Placedot/Info.plist;
				LD_RUNPATH_SEARCH_PATHS = (
					"$(inherited)",
					"@executable_path/Frameworks",
				);
				PRODUCT_BUNDLE_IDENTIFIER = com.Ajay.helloworld.Placedot;
				PRODUCT_NAME = "$(TARGET_NAME)";
				SWIFT_VERSION = 4.0;
				TARGETED_DEVICE_FAMILY = "1,2";
			};
			name = Debug;
		};
		2DFD94EF20D8F27A007AA1BE /* Release */ = {
			isa = XCBuildConfiguration;
			buildSettings = {
				ASSETCATALOG_COMPILER_APPICON_NAME = AppIcon;
				CODE_SIGN_STYLE = Automatic;
				DEVELOPMENT_TEAM = A36ZF48PCL;
				INFOPLIST_FILE = Placedot/Info.plist;
				LD_RUNPATH_SEARCH_PATHS = (
					"$(inherited)",
					"@executable_path/Frameworks",
				);
				PRODUCT_BUNDLE_IDENTIFIER = com.Ajay.helloworld.Placedot;
				PRODUCT_NAME = "$(TARGET_NAME)";
				SWIFT_VERSION = 4.0;
				TARGETED_DEVICE_FAMILY = "1,2";
			};
			name = Release;
		};
		2DFD94F120D8F27A007AA1BE /* Debug */ = {
			isa = XCBuildConfiguration;
			buildSettings = {
				ALWAYS_EMBED_SWIFT_STANDARD_LIBRARIES = YES;
				BUNDLE_LOADER = "$(TEST_HOST)";
				CODE_SIGN_STYLE = Automatic;
				DEVELOPMENT_TEAM = W9ZMPT5LE5;
				INFOPLIST_FILE = PlacedotTests/Info.plist;
				LD_RUNPATH_SEARCH_PATHS = (
					"$(inherited)",
					"@executable_path/Frameworks",
					"@loader_path/Frameworks",
				);
				PRODUCT_BUNDLE_IDENTIFIER = com.Ajay.helloworld.PlacedotTests;
				PRODUCT_NAME = "$(TARGET_NAME)";
				SWIFT_VERSION = 4.0;
				TARGETED_DEVICE_FAMILY = "1,2";
				TEST_HOST = "$(BUILT_PRODUCTS_DIR)/Placedot.app/Placedot";
			};
			name = Debug;
		};
		2DFD94F220D8F27A007AA1BE /* Release */ = {
			isa = XCBuildConfiguration;
			buildSettings = {
				ALWAYS_EMBED_SWIFT_STANDARD_LIBRARIES = YES;
				BUNDLE_LOADER = "$(TEST_HOST)";
				CODE_SIGN_STYLE = Automatic;
				DEVELOPMENT_TEAM = W9ZMPT5LE5;
				INFOPLIST_FILE = PlacedotTests/Info.plist;
				LD_RUNPATH_SEARCH_PATHS = (
					"$(inherited)",
					"@executable_path/Frameworks",
					"@loader_path/Frameworks",
				);
				PRODUCT_BUNDLE_IDENTIFIER = com.Ajay.helloworld.PlacedotTests;
				PRODUCT_NAME = "$(TARGET_NAME)";
				SWIFT_VERSION = 4.0;
				TARGETED_DEVICE_FAMILY = "1,2";
				TEST_HOST = "$(BUILT_PRODUCTS_DIR)/Placedot.app/Placedot";
			};
			name = Release;
		};
		2DFD94F420D8F27A007AA1BE /* Debug */ = {
			isa = XCBuildConfiguration;
			buildSettings = {
				ALWAYS_EMBED_SWIFT_STANDARD_LIBRARIES = YES;
				CODE_SIGN_STYLE = Automatic;
				DEVELOPMENT_TEAM = W9ZMPT5LE5;
				INFOPLIST_FILE = PlacedotUITests/Info.plist;
				LD_RUNPATH_SEARCH_PATHS = (
					"$(inherited)",
					"@executable_path/Frameworks",
					"@loader_path/Frameworks",
				);
				PRODUCT_BUNDLE_IDENTIFIER = com.Ajay.helloworld.PlacedotUITests;
				PRODUCT_NAME = "$(TARGET_NAME)";
				SWIFT_VERSION = 4.0;
				TARGETED_DEVICE_FAMILY = "1,2";
				TEST_TARGET_NAME = Placedot;
			};
			name = Debug;
		};
		2DFD94F520D8F27A007AA1BE /* Release */ = {
			isa = XCBuildConfiguration;
			buildSettings = {
				ALWAYS_EMBED_SWIFT_STANDARD_LIBRARIES = YES;
				CODE_SIGN_STYLE = Automatic;
				DEVELOPMENT_TEAM = W9ZMPT5LE5;
				INFOPLIST_FILE = PlacedotUITests/Info.plist;
				LD_RUNPATH_SEARCH_PATHS = (
					"$(inherited)",
					"@executable_path/Frameworks",
					"@loader_path/Frameworks",
				);
				PRODUCT_BUNDLE_IDENTIFIER = com.Ajay.helloworld.PlacedotUITests;
				PRODUCT_NAME = "$(TARGET_NAME)";
				SWIFT_VERSION = 4.0;
				TARGETED_DEVICE_FAMILY = "1,2";
				TEST_TARGET_NAME = Placedot;
			};
			name = Release;
		};
/* End XCBuildConfiguration section */

/* Begin XCConfigurationList section */
		2DFD94C020D8F262007AA1BE /* Build configuration list for PBXProject "Placedot" */ = {
			isa = XCConfigurationList;
			buildConfigurations = (
				2DFD94EB20D8F27A007AA1BE /* Debug */,
				2DFD94EC20D8F27A007AA1BE /* Release */,
			);
			defaultConfigurationIsVisible = 0;
			defaultConfigurationName = Release;
		};
		2DFD94ED20D8F27A007AA1BE /* Build configuration list for PBXNativeTarget "Placedot" */ = {
			isa = XCConfigurationList;
			buildConfigurations = (
				2DFD94EE20D8F27A007AA1BE /* Debug */,
				2DFD94EF20D8F27A007AA1BE /* Release */,
			);
			defaultConfigurationIsVisible = 0;
			defaultConfigurationName = Release;
		};
		2DFD94F020D8F27A007AA1BE /* Build configuration list for PBXNativeTarget "PlacedotTests" */ = {
			isa = XCConfigurationList;
			buildConfigurations = (
				2DFD94F120D8F27A007AA1BE /* Debug */,
				2DFD94F220D8F27A007AA1BE /* Release */,
			);
			defaultConfigurationIsVisible = 0;
			defaultConfigurationName = Release;
		};
		2DFD94F320D8F27A007AA1BE /* Build configuration list for PBXNativeTarget "PlacedotUITests" */ = {
			isa = XCConfigurationList;
			buildConfigurations = (
				2DFD94F420D8F27A007AA1BE /* Debug */,
				2DFD94F520D8F27A007AA1BE /* Release */,
			);
			defaultConfigurationIsVisible = 0;
			defaultConfigurationName = Release;
		};
/* End XCConfigurationList section */
	};
	rootObject = 2DFD94BD20D8F262007AA1BE /* Project object */;
}
